Microsoft Visual Studio Solution File, Format Version 11.00
# Visual Studio 2010
Project("{0D53CA85-405E-3858-26AB-3644DD5F53C3}") = "NotNotchFilter", "NotNotchFilter.vcxproj", "{C8A4FCAB-06CD-18E2-4A40-D9868DEBDB9D}"
EndProject
Global
	GlobalSection(SolutionConfigurationPlatforms) = preSolution
		Debug|Win32 = Debug|Win32
		Release|Win32 = Release|Win32
	EndGlobalSection
	GlobalSection(ProjectConfigurationPlatforms) = postSolution
		{C8A4FCAB-06CD-18E2-4A40-D9868DEBDB9D}.Debug|Win32.ActiveCfg = Debug|Win32
		{C8A4FCAB-06CD-18E2-4A40-D9868DEBDB9D}.Debug|Win32.Build.0 = Debug|Win32
		{C8A4FCAB-06CD-18E2-4A40-D9868DEBDB9D}.Release|Win32.ActiveCfg = Release|Win32
		{C8A4FCAB-06CD-18E2-4A40-D9868DEBDB9D}.Release|Win32.Build.0 = Release|Win32
	EndGlobalSection
	GlobalSection(SolutionProperties) = preSolution
		HideSolutionNode = FALSE
	EndGlobalSection
EndGlobal
